// !$*UTF8*$!
{
	archiveVersion = 1;
	classes = {
	};
	objectVersion = 50;
	objects = {

/* Begin PBXBuildFile section */
		E1369D3D239F967C00245ED8 /* ProteinsTableViewController.swift in Sources */ = {isa = PBXBuildFile; fileRef = E1369D3C239F967C00245ED8 /* ProteinsTableViewController.swift */; };
		E1369D50239F9E2200245ED8 /* ReadFile.swift in Sources */ = {isa = PBXBuildFile; fileRef = E1369D4F239F9E2200245ED8 /* ReadFile.swift */; };
		E1369D52239F9ED100245ED8 /* Ligands.swift in Sources */ = {isa = PBXBuildFile; fileRef = E1369D51239F9ED100245ED8 /* Ligands.swift */; };
		E1369D54239FA28B00245ED8 /* ProteinTableViewCell.swift in Sources */ = {isa = PBXBuildFile; fileRef = E1369D53239FA28B00245ED8 /* ProteinTableViewCell.swift */; };
		E1369D56239FDF2500245ED8 /* ModelViewController.swift in Sources */ = {isa = PBXBuildFile; fileRef = E1369D55239FDF2500245ED8 /* ModelViewController.swift */; };
		E15E274E23A0E41B00B15A2B /* Atoms.swift in Sources */ = {isa = PBXBuildFile; fileRef = E15E274D23A0E41B00B15A2B /* Atoms.swift */; };
		E15E275023A0E60C00B15A2B /* Molecules.swift in Sources */ = {isa = PBXBuildFile; fileRef = E15E274F23A0E60C00B15A2B /* Molecules.swift */; };
		E15E275423A0E9B200B15A2B /* Downloader.swift in Sources */ = {isa = PBXBuildFile; fileRef = E15E275323A0E9B200B15A2B /* Downloader.swift */; };
		E17277AE23AA2D21009C7369 /* Ligands.txt in Resources */ = {isa = PBXBuildFile; fileRef = E17277AD23AA2D21009C7369 /* Ligands.txt */; };
		E18E042A23A8F965000FFEDF /* AuthManager.swift in Sources */ = {isa = PBXBuildFile; fileRef = E18E042923A8F965000FFEDF /* AuthManager.swift */; };
		E1ACF6B023A3D5E30044CAFE /* Sticks.swift in Sources */ = {isa = PBXBuildFile; fileRef = E1ACF6AF23A3D5E30044CAFE /* Sticks.swift */; };
		E1ACF6B223A3DE060044CAFE /* Structure.swift in Sources */ = {isa = PBXBuildFile; fileRef = E1ACF6B123A3DE060044CAFE /* Structure.swift */; };
		E1C22880239556DE00A6C177 /* AppDelegate.swift in Sources */ = {isa = PBXBuildFile; fileRef = E1C2287F239556DE00A6C177 /* AppDelegate.swift */; };
		E1C22882239556DE00A6C177 /* SceneDelegate.swift in Sources */ = {isa = PBXBuildFile; fileRef = E1C22881239556DE00A6C177 /* SceneDelegate.swift */; };
		E1C22884239556DE00A6C177 /* FirstViewController.swift in Sources */ = {isa = PBXBuildFile; fileRef = E1C22883239556DE00A6C177 /* FirstViewController.swift */; };
		E1C22887239556DE00A6C177 /* Main.storyboard in Resources */ = {isa = PBXBuildFile; fileRef = E1C22885239556DE00A6C177 /* Main.storyboard */; };
		E1C22889239556E800A6C177 /* Assets.xcassets in Resources */ = {isa = PBXBuildFile; fileRef = E1C22888239556E800A6C177 /* Assets.xcassets */; };
		E1C2288C239556E800A6C177 /* LaunchScreen.storyboard in Resources */ = {isa = PBXBuildFile; fileRef = E1C2288A239556E800A6C177 /* LaunchScreen.storyboard */; };
/* End PBXBuildFile section */

/* Begin PBXFileReference section */
		E1369D3A239F961100245ED8 /* Ligands.txt */ = {isa = PBXFileReference; fileEncoding = 4; lastKnownFileType = text; name = Ligands.txt; path = ../../../Ligands.txt; sourceTree = "<group>"; };
		E1369D3C239F967C00245ED8 /* ProteinsTableViewController.swift */ = {isa = PBXFileReference; lastKnownFileType = sourcecode.swift; path = ProteinsTableViewController.swift; sourceTree = "<group>"; };
		E1369D4F239F9E2200245ED8 /* ReadFile.swift */ = {isa = PBXFileReference; lastKnownFileType = sourcecode.swift; path = ReadFile.swift; sourceTree = "<group>"; };
		E1369D51239F9ED100245ED8 /* Ligands.swift */ = {isa = PBXFileReference; lastKnownFileType = sourcecode.swift; path = Ligands.swift; sourceTree = "<group>"; };
		E1369D53239FA28B00245ED8 /* ProteinTableViewCell.swift */ = {isa = PBXFileReference; lastKnownFileType = sourcecode.swift; path = ProteinTableViewCell.swift; sourceTree = "<group>"; };
		E1369D55239FDF2500245ED8 /* ModelViewController.swift */ = {isa = PBXFileReference; lastKnownFileType = sourcecode.swift; path = ModelViewController.swift; sourceTree = "<group>"; };
		E15E274D23A0E41B00B15A2B /* Atoms.swift */ = {isa = PBXFileReference; lastKnownFileType = sourcecode.swift; path = Atoms.swift; sourceTree = "<group>"; };
		E15E274F23A0E60C00B15A2B /* Molecules.swift */ = {isa = PBXFileReference; lastKnownFileType = sourcecode.swift; path = Molecules.swift; sourceTree = "<group>"; };
		E15E275323A0E9B200B15A2B /* Downloader.swift */ = {isa = PBXFileReference; lastKnownFileType = sourcecode.swift; path = Downloader.swift; sourceTree = "<group>"; };
		E17277AB23AA2C01009C7369 /* Ligands.txt */ = {isa = PBXFileReference; fileEncoding = 4; lastKnownFileType = text; name = Ligands.txt; path = ../../../Ligands.txt; sourceTree = "<group>"; };
		E17277AD23AA2D21009C7369 /* Ligands.txt */ = {isa = PBXFileReference; lastKnownFileType = text; name = Ligands.txt; path = SwiftyProteins/Ligands.txt; sourceTree = "<group>"; };
		E18E042923A8F965000FFEDF /* AuthManager.swift */ = {isa = PBXFileReference; lastKnownFileType = sourcecode.swift; path = AuthManager.swift; sourceTree = "<group>"; };
		E1ACF6AF23A3D5E30044CAFE /* Sticks.swift */ = {isa = PBXFileReference; lastKnownFileType = sourcecode.swift; path = Sticks.swift; sourceTree = "<group>"; };
		E1ACF6B123A3DE060044CAFE /* Structure.swift */ = {isa = PBXFileReference; lastKnownFileType = sourcecode.swift; path = Structure.swift; sourceTree = "<group>"; };
		E1C2287C239556DE00A6C177 /* SwiftyProteins.app */ = {isa = PBXFileReference; explicitFileType = wrapper.application; includeInIndex = 0; path = SwiftyProteins.app; sourceTree = BUILT_PRODUCTS_DIR; };
		E1C2287F239556DE00A6C177 /* AppDelegate.swift */ = {isa = PBXFileReference; lastKnownFileType = sourcecode.swift; path = AppDelegate.swift; sourceTree = "<group>"; };
		E1C22881239556DE00A6C177 /* SceneDelegate.swift */ = {isa = PBXFileReference; lastKnownFileType = sourcecode.swift; path = SceneDelegate.swift; sourceTree = "<group>"; };
		E1C22883239556DE00A6C177 /* FirstViewController.swift */ = {isa = PBXFileReference; lastKnownFileType = sourcecode.swift; path = FirstViewController.swift; sourceTree = "<group>"; };
		E1C22886239556DE00A6C177 /* Base */ = {isa = PBXFileReference; lastKnownFileType = file.storyboard; name = Base; path = Base.lproj/Main.storyboard; sourceTree = "<group>"; };
		E1C22888239556E800A6C177 /* Assets.xcassets */ = {isa = PBXFileReference; lastKnownFileType = folder.assetcatalog; path = Assets.xcassets; sourceTree = "<group>"; };
		E1C2288B239556E800A6C177 /* Base */ = {isa = PBXFileReference; lastKnownFileType = file.storyboard; name = Base; path = Base.lproj/LaunchScreen.storyboard; sourceTree = "<group>"; };
		E1C2288D239556E800A6C177 /* Info.plist */ = {isa = PBXFileReference; lastKnownFileType = text.plist.xml; path = Info.plist; sourceTree = "<group>"; };
/* End PBXFileReference section */

/* Begin PBXFrameworksBuildPhase section */
		E1C22879239556DE00A6C177 /* Frameworks */ = {
			isa = PBXFrameworksBuildPhase;
			buildActionMask = 2147483647;
			files = (
			);
			runOnlyForDeploymentPostprocessing = 0;
		};
/* End PBXFrameworksBuildPhase section */

/* Begin PBXGroup section */
		E1C22873239556DE00A6C177 = {
			isa = PBXGroup;
			children = (
				E17277AD23AA2D21009C7369 /* Ligands.txt */,
				E1C2287E239556DE00A6C177 /* SwiftyProteins */,
				E1C2287D239556DE00A6C177 /* Products */,
			);
			sourceTree = "<group>";
		};
		E1C2287D239556DE00A6C177 /* Products */ = {
			isa = PBXGroup;
			children = (
				E1C2287C239556DE00A6C177 /* SwiftyProteins.app */,
			);
			name = Products;
			sourceTree = "<group>";
		};
		E1C2287E239556DE00A6C177 /* SwiftyProteins */ = {
			isa = PBXGroup;
			children = (
				E1369D3A239F961100245ED8 /* Ligands.txt */,
				E1C2287F239556DE00A6C177 /* AppDelegate.swift */,
				E1C22881239556DE00A6C177 /* SceneDelegate.swift */,
				E1C22883239556DE00A6C177 /* FirstViewController.swift */,
				E1C22885239556DE00A6C177 /* Main.storyboard */,
				E1C22888239556E800A6C177 /* Assets.xcassets */,
				E1C2288A239556E800A6C177 /* LaunchScreen.storyboard */,
				E1C2288D239556E800A6C177 /* Info.plist */,
				E1369D3C239F967C00245ED8 /* ProteinsTableViewController.swift */,
				E17277AB23AA2C01009C7369 /* Ligands.txt */,
				E1369D4F239F9E2200245ED8 /* ReadFile.swift */,
				E1369D51239F9ED100245ED8 /* Ligands.swift */,
				E1369D53239FA28B00245ED8 /* ProteinTableViewCell.swift */,
				E1369D55239FDF2500245ED8 /* ModelViewController.swift */,
				E15E274D23A0E41B00B15A2B /* Atoms.swift */,
				E15E274F23A0E60C00B15A2B /* Molecules.swift */,
				E15E275323A0E9B200B15A2B /* Downloader.swift */,
				E1ACF6AF23A3D5E30044CAFE /* Sticks.swift */,
				E1ACF6B123A3DE060044CAFE /* Structure.swift */,
				E18E042923A8F965000FFEDF /* AuthManager.swift */,
			);
			path = SwiftyProteins;
			sourceTree = "<group>";
		};
/* End PBXGroup section */

/* Begin PBXNativeTarget section */
		E1C2287B239556DE00A6C177 /* SwiftyProteins */ = {
			isa = PBXNativeTarget;
			buildConfigurationList = E1C22890239556E800A6C177 /* Build configuration list for PBXNativeTarget "SwiftyProteins" */;
			buildPhases = (
				E1C22878239556DE00A6C177 /* Sources */,
				E1C22879239556DE00A6C177 /* Frameworks */,
				E1C2287A239556DE00A6C177 /* Resources */,
			);
			buildRules = (
			);
			dependencies = (
			);
			name = SwiftyProteins;
			productName = SwiftyProteins;
			productReference = E1C2287C239556DE00A6C177 /* SwiftyProteins.app */;
			productType = "com.apple.product-type.application";
		};
/* End PBXNativeTarget section */

/* Begin PBXProject section */
		E1C22874239556DE00A6C177 /* Project object */ = {
			isa = PBXProject;
			attributes = {
				LastSwiftUpdateCheck = 1120;
				LastUpgradeCheck = 1120;
				ORGANIZATIONNAME = "Naledi MATUTOANE";
				TargetAttributes = {
					E1C2287B239556DE00A6C177 = {
						CreatedOnToolsVersion = 11.2;
					};
				};
			};
			buildConfigurationList = E1C22877239556DE00A6C177 /* Build configuration list for PBXProject "SwiftyProteins" */;
			compatibilityVersion = "Xcode 9.3";
			developmentRegion = en;
			hasScannedForEncodings = 0;
			knownRegions = (
				en,
				Base,
			);
			mainGroup = E1C22873239556DE00A6C177;
			productRefGroup = E1C2287D239556DE00A6C177 /* Products */;
			projectDirPath = "";
			projectRoot = "";
			targets = (
				E1C2287B239556DE00A6C177 /* SwiftyProteins */,
			);
		};
/* End PBXProject section */

/* Begin PBXResourcesBuildPhase section */
		E1C2287A239556DE00A6C177 /* Resources */ = {
			isa = PBXResourcesBuildPhase;
			buildActionMask = 2147483647;
			files = (
				E17277AE23AA2D21009C7369 /* Ligands.txt in Resources */,
				E1C2288C239556E800A6C177 /* LaunchScreen.storyboard in Resources */,
				E1C22889239556E800A6C177 /* Assets.xcassets in Resources */,
				E1C22887239556DE00A6C177 /* Main.storyboard in Resources */,
			);
			runOnlyForDeploymentPostprocessing = 0;
		};
/* End PBXResourcesBuildPhase section */

/* Begin PBXSourcesBuildPhase section */
		E1C22878239556DE00A6C177 /* Sources */ = {
			isa = PBXSourcesBuildPhase;
			buildActionMask = 2147483647;
			files = (
				E15E275423A0E9B200B15A2B /* Downloader.swift in Sources */,
				E18E042A23A8F965000FFEDF /* AuthManager.swift in Sources */,
				E1C22884239556DE00A6C177 /* FirstViewController.swift in Sources */,
				E1369D3D239F967C00245ED8 /* ProteinsTableViewController.swift in Sources */,
				E1C22880239556DE00A6C177 /* AppDelegate.swift in Sources */,
				E1ACF6B223A3DE060044CAFE /* Structure.swift in Sources */,
				E1369D54239FA28B00245ED8 /* ProteinTableViewCell.swift in Sources */,
				E1369D52239F9ED100245ED8 /* Ligands.swift in Sources */,
				E1C22882239556DE00A6C177 /* SceneDelegate.swift in Sources */,
				E15E274E23A0E41B00B15A2B /* Atoms.swift in Sources */,
				E1ACF6B023A3D5E30044CAFE /* Sticks.swift in Sources */,
				E15E275023A0E60C00B15A2B /* Molecules.swift in Sources */,
				E1369D56239FDF2500245ED8 /* ModelViewController.swift in Sources */,
				E1369D50239F9E2200245ED8 /* ReadFile.swift in Sources */,
			);
			runOnlyForDeploymentPostprocessing = 0;
		};
/* End PBXSourcesBuildPhase section */

/* Begin PBXVariantGroup section */
		E1C22885239556DE00A6C177 /* Main.storyboard */ = {
			isa = PBXVariantGroup;
			children = (
				E1C22886239556DE00A6C177 /* Base */,
			);
			name = Main.storyboard;
			sourceTree = "<group>";
		};
		E1C2288A239556E800A6C177 /* LaunchScreen.storyboard */ = {
			isa = PBXVariantGroup;
			children = (
				E1C2288B239556E800A6C177 /* Base */,
			);
			name = LaunchScreen.storyboard;
			sourceTree = "<group>";
		};
/* End PBXVariantGroup section */

/* Begin XCBuildConfiguration section */
		E1C2288E239556E800A6C177 /* Debug */ = {
			isa = XCBuildConfiguration;
			buildSettings = {
				ALWAYS_SEARCH_USER_PATHS = NO;
				CLANG_ANALYZER_NONNULL = YES;
				CLANG_ANALYZER_NUMBER_OBJECT_CONVERSION = YES_AGGRESSIVE;
				CLANG_CXX_LANGUAGE_STANDARD = "gnu++14";
				CLANG_CXX_LIBRARY = "libc++";
				CLANG_ENABLE_MODULES = YES;
				CLANG_ENABLE_OBJC_ARC = YES;
				CLANG_ENABLE_OBJC_WEAK = YES;
				CLANG_WARN_BLOCK_CAPTURE_AUTORELEASING = YES;
				CLANG_WARN_BOOL_CONVERSION = YES;
				CLANG_WARN_COMMA = YES;
				CLANG_WARN_CONSTANT_CONVERSION = YES;
				CLANG_WARN_DEPRECATED_OBJC_IMPLEMENTATIONS = YES;
				CLANG_WARN_DIRECT_OBJC_ISA_USAGE = YES_ERROR;
				CLANG_WARN_DOCUMENTATION_COMMENTS = YES;
				CLANG_WARN_EMPTY_BODY = YES;
				CLANG_WARN_ENUM_CONVERSION = YES;
				CLANG_WARN_INFINITE_RECURSION = YES;
				CLANG_WARN_INT_CONVERSION = YES;
				CLANG_WARN_NON_LITERAL_NULL_CONVERSION = YES;
				CLANG_WARN_OBJC_IMPLICIT_RETAIN_SELF = YES;
				CLANG_WARN_OBJC_LITERAL_CONVERSION = YES;
				CLANG_WARN_OBJC_ROOT_CLASS = YES_ERROR;
				CLANG_WARN_RANGE_LOOP_ANALYSIS = YES;
				CLANG_WARN_STRICT_PROTOTYPES = YES;
				CLANG_WARN_SUSPICIOUS_MOVE = YES;
				CLANG_WARN_UNGUARDED_AVAILABILITY = YES_AGGRESSIVE;
				CLANG_WARN_UNREACHABLE_CODE = YES;
				CLANG_WARN__DUPLICATE_METHOD_MATCH = YES;
				COPY_PHASE_STRIP = NO;
				DEBUG_INFORMATION_FORMAT = dwarf;
				ENABLE_STRICT_OBJC_MSGSEND = YES;
				ENABLE_TESTABILITY = YES;
				GCC_C_LANGUAGE_STANDARD = gnu11;
				GCC_DYNAMIC_NO_PIC = NO;
				GCC_NO_COMMON_BLOCKS = YES;
				GCC_OPTIMIZATION_LEVEL = 0;
				GCC_PREPROCESSOR_DEFINITIONS = (
					"DEBUG=1",
					"$(inherited)",
				);
				GCC_WARN_64_TO_32_BIT_CONVERSION = YES;
				GCC_WARN_ABOUT_RETURN_TYPE = YES_ERROR;
				GCC_WARN_UNDECLARED_SELECTOR = YES;
				GCC_WARN_UNINITIALIZED_AUTOS = YES_AGGRESSIVE;
				GCC_WARN_UNUSED_FUNCTION = YES;
				GCC_WARN_UNUSED_VARIABLE = YES;
				IPHONEOS_DEPLOYMENT_TARGET = 13.2;
				MTL_ENABLE_DEBUG_INFO = INCLUDE_SOURCE;
				MTL_FAST_MATH = YES;
				ONLY_ACTIVE_ARCH = YES;
				SDKROOT = iphoneos;
				SWIFT_ACTIVE_COMPILATION_CONDITIONS = DEBUG;
				SWIFT_OPTIMIZATION_LEVEL = "-Onone";
			};
			name = Debug;
		};
		E1C2288F239556E800A6C177 /* Release */ = {
			isa = XCBuildConfiguration;
			buildSettings = {
				ALWAYS_SEARCH_USER_PATHS = NO;
				CLANG_ANALYZER_NONNULL = YES;
				CLANG_ANALYZER_NUMBER_OBJECT_CONVERSION = YES_AGGRESSIVE;
				CLANG_CXX_LANGUAGE_STANDARD = "gnu++14";
				CLANG_CXX_LIBRARY = "libc++";
				CLANG_ENABLE_MODULES = YES;
				CLANG_ENABLE_OBJC_ARC = YES;
				CLANG_ENABLE_OBJC_WEAK = YES;
				CLANG_WARN_BLOCK_CAPTURE_AUTORELEASING = YES;
				CLANG_WARN_BOOL_CONVERSION = YES;
				CLANG_WARN_COMMA = YES;
				CLANG_WARN_CONSTANT_CONVERSION = YES;
				CLANG_WARN_DEPRECATED_OBJC_IMPLEMENTATIONS = YES;
				CLANG_WARN_DIRECT_OBJC_ISA_USAGE = YES_ERROR;
				CLANG_WARN_DOCUMENTATION_COMMENTS = YES;
				CLANG_WARN_EMPTY_BODY = YES;
				CLANG_WARN_ENUM_CONVERSION = YES;
				CLANG_WARN_INFINITE_RECURSION = YES;
				CLANG_WARN_INT_CONVERSION = YES;
				CLANG_WARN_NON_LITERAL_NULL_CONVERSION = YES;
				CLANG_WARN_OBJC_IMPLICIT_RETAIN_SELF = YES;
				CLANG_WARN_OBJC_LITERAL_CONVERSION = YES;
				CLANG_WARN_OBJC_ROOT_CLASS = YES_ERROR;
				CLANG_WARN_RANGE_LOOP_ANALYSIS = YES;
				CLANG_WARN_STRICT_PROTOTYPES = YES;
				CLANG_WARN_SUSPICIOUS_MOVE = YES;
				CLANG_WARN_UNGUARDED_AVAILABILITY = YES_AGGRESSIVE;
				CLANG_WARN_UNREACHABLE_CODE = YES;
				CLANG_WARN__DUPLICATE_METHOD_MATCH = YES;
				COPY_PHASE_STRIP = NO;
				DEBUG_INFORMATION_FORMAT = "dwarf-with-dsym";
				ENABLE_NS_ASSERTIONS = NO;
				ENABLE_STRICT_OBJC_MSGSEND = YES;
				GCC_C_LANGUAGE_STANDARD = gnu11;
				GCC_NO_COMMON_BLOCKS = YES;
				GCC_WARN_64_TO_32_BIT_CONVERSION = YES;
				GCC_WARN_ABOUT_RETURN_TYPE = YES_ERROR;
				GCC_WARN_UNDECLARED_SELECTOR = YES;
				GCC_WARN_UNINITIALIZED_AUTOS = YES_AGGRESSIVE;
				GCC_WARN_UNUSED_FUNCTION = YES;
				GCC_WARN_UNUSED_VARIABLE = YES;
				IPHONEOS_DEPLOYMENT_TARGET = 13.2;
				MTL_ENABLE_DEBUG_INFO = NO;
				MTL_FAST_MATH = YES;
				SDKROOT = iphoneos;
				SWIFT_COMPILATION_MODE = wholemodule;
				SWIFT_OPTIMIZATION_LEVEL = "-O";
				VALIDATE_PRODUCT = YES;
			};
			name = Release;
		};
		E1C22891239556E800A6C177 /* Debug */ = {
			isa = XCBuildConfiguration;
			buildSettings = {
				ASSETCATALOG_COMPILER_APPICON_NAME = AppIcon;
				CODE_SIGN_STYLE = Automatic;
				DEVELOPMENT_TEAM = PPMYFH44L8;
				INFOPLIST_FILE = SwiftyProteins/Info.plist;
				LD_RUNPATH_SEARCH_PATHS = (
					"$(inherited)",
					"@executable_path/Frameworks",
				);
				PRODUCT_BUNDLE_IDENTIFIER = za.co.wethinkcode.SwiftyProteins;
				PRODUCT_NAME = "$(TARGET_NAME)";
				SWIFT_VERSION = 5.0;
				TARGETED_DEVICE_FAMILY = "1,2";
			};
			name = Debug;
		};
		E1C22892239556E800A6C177 /* Release */ = {
			isa = XCBuildConfiguration;
			buildSettings = {
				ASSETCATALOG_COMPILER_APPICON_NAME = AppIcon;
				CODE_SIGN_STYLE = Automatic;
				DEVELOPMENT_TEAM = PPMYFH44L8;
				INFOPLIST_FILE = SwiftyProteins/Info.plist;
				LD_RUNPATH_SEARCH_PATHS = (
					"$(inherited)",
					"@executable_path/Frameworks",
				);
				PRODUCT_BUNDLE_IDENTIFIER = za.co.wethinkcode.SwiftyProteins;
				PRODUCT_NAME = "$(TARGET_NAME)";
				SWIFT_VERSION = 5.0;
				TARGETED_DEVICE_FAMILY = "1,2";
			};
			name = Release;
		};
/* End XCBuildConfiguration section */

/* Begin XCConfigurationList section */
		E1C22877239556DE00A6C177 /* Build configuration list for PBXProject "SwiftyProteins" */ = {
			isa = XCConfigurationList;
			buildConfigurations = (
				E1C2288E239556E800A6C177 /* Debug */,
				E1C2288F239556E800A6C177 /* Release */,
			);
			defaultConfigurationIsVisible = 0;
			defaultConfigurationName = Release;
		};
		E1C22890239556E800A6C177 /* Build configuration list for PBXNativeTarget "SwiftyProteins" */ = {
			isa = XCConfigurationList;
			buildConfigurations = (
				E1C22891239556E800A6C177 /* Debug */,
				E1C22892239556E800A6C177 /* Release */,
			);
			defaultConfigurationIsVisible = 0;
			defaultConfigurationName = Release;
		};
/* End XCConfigurationList section */
	};
	rootObject = E1C22874239556DE00A6C177 /* Project object */;
}
